<?xml version="1.0" encoding="utf-8"?>
<Project ToolsVersion="4.0" xmlns="http://schemas.microsoft.com/developer/msbuild/2003">
  <ItemGroup>
    <Filter Include="源文件">
      <UniqueIdentifier>{4FC737F1-C7A5-4376-A066-2A32D752A2FF}</UniqueIdentifier>
      <Extensions>cpp;c;cc;cxx;c++;cppm;ixx;def;odl;idl;hpj;bat;asm;asmx</Extensions>
    </Filter>
    <Filter Include="头文件">
      <UniqueIdentifier>{93995380-89BD-4b04-88EB-625FBE52EBFB}</UniqueIdentifier>
      <Extensions>h;hh;hpp;hxx;h++;hm;inl;inc;ipp;xsd</Extensions>
    </Filter>
    <Filter Include="资源文件">
      <UniqueIdentifier>{67DA6AB6-F800-4c08-8B7A-83BB121AAD01}</UniqueIdentifier>
      <Extensions>rc;ico;cur;bmp;dlg;rc2;rct;bin;rgs;gif;jpg;jpeg;jpe;resx;tiff;tif;png;wav;mfcribbon-ms</Extensions>
    </Filter>
  </ItemGroup>
  <ItemGroup>
    <ClInclude Include="account.h">
      <Filter>头文件</Filter>
    </ClInclude>
    <ClInclude Include="admin_interface.h">
      <Filter>头文件</Filter>
    </ClInclude>
    <ClInclude Include="user_interface.h">
      <Filter>头文件</Filter>
    </ClInclude>
    <ClInclude Include="admin_AccountInfoReceiver.h">
      <Filter>头文件</Filter>
    </ClInclude>
    <ClInclude Include="user_AccountInfoReceiver.h">
      <Filter>头文件</Filter>
    </ClInclude>
    <ClInclude Include="province_information_manager.h">
      <Filter>头文件</Filter>
    </ClInclude>
    <ClInclude Include="daily_health_check_user.h">
      <Filter>头文件</Filter>
    </ClInclude>
    <ClInclude Include="daily_health_check_admin.h">
      <Filter>头文件</Filter>
    </ClInclude>
    <ClInclude Include="account_info_manager.h">
      <Filter>头文件</Filter>
    </ClInclude>
    <ClInclude Include="daily_health_check.h">
      <Filter>头文件</Filter>
    </ClInclude>
    <ClInclude Include="time_manager.h">
      <Filter>头文件</Filter>
    </ClInclude>
    <ClInclude Include="NAT.h">
      <Filter>头文件</Filter>
    </ClInclude>
    <ClInclude Include="NAT_user.h">
      <Filter>头文件</Filter>
    </ClInclude>
    <ClInclude Include="NAT_admin.h">
      <Filter>头文件</Filter>
    </ClInclude>
    <ClInclude Include="necessary_affairs_manager.h">
      <Filter>头文件</Filter>
    </ClInclude>
  </ItemGroup>
  <ItemGroup>
    <ClCompile Include="main.cpp">
      <Filter>源文件</Filter>
    </ClCompile>
    <ClCompile Include="account.cpp">
      <Filter>源文件</Filter>
    </ClCompile>
    <ClCompile Include="admin_interface.cpp">
      <Filter>源文件</Filter>
    </ClCompile>
    <ClCompile Include="user_interface.cpp">
      <Filter>源文件</Filter>
    </ClCompile>
    <ClCompile Include="admin_AccountInfoReceiver.cpp">
      <Filter>源文件</Filter>
    </ClCompile>
    <ClCompile Include="user_AccountInfoReceiver.cpp">
      <Filter>源文件</Filter>
    </ClCompile>
    <ClCompile Include="province_information_manager.cpp">
      <Filter>源文件</Filter>
    </ClCompile>
    <ClCompile Include="daily_health_check_user.cpp">
      <Filter>源文件</Filter>
    </ClCompile>
    <ClCompile Include="daily_health_check_admin.cpp">
      <Filter>源文件</Filter>
    </ClCompile>
    <ClCompile Include="account_info_manager.cpp">
      <Filter>源文件</Filter>
    </ClCompile>
    <ClCompile Include="daily_health_check.cpp">
      <Filter>源文件</Filter>
    </ClCompile>
    <ClCompile Include="time_manager.cpp">
      <Filter>源文件</Filter>
    </ClCompile>
    <ClCompile Include="NAT.cpp">
      <Filter>源文件</Filter>
    </ClCompile>
    <ClCompile Include="NAT_user.cpp">
      <Filter>源文件</Filter>
    </ClCompile>
    <ClCompile Include="NAT_admin.cpp">
      <Filter>源文件</Filter>
    </ClCompile>
    <ClCompile Include="necessary_affairs_manager.cpp">
      <Filter>源文件</Filter>
    </ClCompile>
  </ItemGroup>
  <ItemGroup>
    <None Include="ClassDiagram.cd" />
  </ItemGroup>
</Project>